<?xml version="1.0" encoding="utf-8"?>
<Project ToolsVersion="4.0" xmlns="http://schemas.microsoft.com/developer/msbuild/2003">
  <ItemGroup>
    <Filter Include="Source Files">
      <UniqueIdentifier>{4FC737F1-C7A5-4376-A066-2A32D752A2FF}</UniqueIdentifier>
      <Extensions>cpp;c;cc;cxx;def;odl;idl;hpj;bat;asm;asmx</Extensions>
    </Filter>
    <Filter Include="Header Files">
      <UniqueIdentifier>{93995380-89BD-4b04-88EB-625FBE52EBFB}</UniqueIdentifier>
      <Extensions>h;hpp;hxx;hm;inl;inc;xsd</Extensions>
    </Filter>
    <Filter Include="Resource Files">
      <UniqueIdentifier>{67DA6AB6-F800-4c08-8B7A-83BB121AAD01}</UniqueIdentifier>
      <Extensions>rc;ico;cur;bmp;dlg;rc2;rct;bin;rgs;gif;jpg;jpeg;jpe;resx;tiff;tif;png;wav;mfcribbon-ms</Extensions>
    </Filter>
    <Filter Include="Source Files\stella">
      <UniqueIdentifier>{1083673e-5f58-4f44-a1ef-3fd55ee692d1}</UniqueIdentifier>
    </Filter>
    <Filter Include="Source Files\stella\cart">
      <UniqueIdentifier>{099f27b4-2cf9-4331-b3f5-29ce9353c354}</UniqueIdentifier>
    </Filter>
    <Filter Include="Source Files\stella\input">
      <UniqueIdentifier>{9038fbba-a7dd-4784-b163-4293e83c025d}</UniqueIdentifier>
    </Filter>
    <Filter Include="Source Files\stella\properties">
      <UniqueIdentifier>{6570af46-a7fb-451d-be8b-6d9532c839e5}</UniqueIdentifier>
    </Filter>
    <Filter Include="Source Files\stella\system">
      <UniqueIdentifier>{1312770c-a98a-4df9-b173-b0fbbec36c61}</UniqueIdentifier>
    </Filter>
    <Filter Include="Source Files\stella\utility">
      <UniqueIdentifier>{d9d407c4-770a-4d8d-a4fa-f954f41d056b}</UniqueIdentifier>
    </Filter>
  </ItemGroup>
  <ItemGroup>
    <ClCompile Include="..\..\libretro.cpp">
      <Filter>Source Files</Filter>
    </ClCompile>
    <ClCompile Include="..\..\stella\Console.cpp">
      <Filter>Source Files\stella</Filter>
    </ClCompile>
    <ClCompile Include="..\..\stella\Settings.cpp">
      <Filter>Source Files\stella</Filter>
    </ClCompile>
    <ClCompile Include="..\..\stella\SoundSDL.cpp">
      <Filter>Source Files\stella</Filter>
    </ClCompile>
    <ClCompile Include="..\..\stella\cart\Cart.cpp">
      <Filter>Source Files\stella\cart</Filter>
    </ClCompile>
    <ClCompile Include="..\..\stella\cart\Cart2K.cpp">
      <Filter>Source Files\stella\cart</Filter>
    </ClCompile>
    <ClCompile Include="..\..\stella\cart\Cart3E.cpp">
      <Filter>Source Files\stella\cart</Filter>
    </ClCompile>
    <ClCompile Include="..\..\stella\cart\Cart3F.cpp">
      <Filter>Source Files\stella\cart</Filter>
    </ClCompile>
    <ClCompile Include="..\..\stella\cart\Cart4A50.cpp">
      <Filter>Source Files\stella\cart</Filter>
    </ClCompile>
    <ClCompile Include="..\..\stella\cart\Cart4K.cpp">
      <Filter>Source Files\stella\cart</Filter>
    </ClCompile>
    <ClCompile Include="..\..\stella\cart\Cart0840.cpp">
      <Filter>Source Files\stella\cart</Filter>
    </ClCompile>
    <ClCompile Include="..\..\stella\cart\CartAR.cpp">
      <Filter>Source Files\stella\cart</Filter>
    </ClCompile>
    <ClCompile Include="..\..\stella\cart\CartCV.cpp">
      <Filter>Source Files\stella\cart</Filter>
    </ClCompile>
    <ClCompile Include="..\..\stella\cart\CartDPC.cpp">
      <Filter>Source Files\stella\cart</Filter>
    </ClCompile>
    <ClCompile Include="..\..\stella\cart\CartDPCPlus.cpp">
      <Filter>Source Files\stella\cart</Filter>
    </ClCompile>
    <ClCompile Include="..\..\stella\cart\CartE0.cpp">
      <Filter>Source Files\stella\cart</Filter>
    </ClCompile>
    <ClCompile Include="..\..\stella\cart\CartE7.cpp">
      <Filter>Source Files\stella\cart</Filter>
    </ClCompile>
    <ClCompile Include="..\..\stella\cart\CartEF.cpp">
      <Filter>Source Files\stella\cart</Filter>
    </ClCompile>
    <ClCompile Include="..\..\stella\cart\CartEFSC.cpp">
      <Filter>Source Files\stella\cart</Filter>
    </ClCompile>
    <ClCompile Include="..\..\stella\cart\CartF0.cpp">
      <Filter>Source Files\stella\cart</Filter>
    </ClCompile>
    <ClCompile Include="..\..\stella\cart\CartF4.cpp">
      <Filter>Source Files\stella\cart</Filter>
    </ClCompile>
    <ClCompile Include="..\..\stella\cart\CartF4SC.cpp">
      <Filter>Source Files\stella\cart</Filter>
    </ClCompile>
    <ClCompile Include="..\..\stella\cart\CartF6.cpp">
      <Filter>Source Files\stella\cart</Filter>
    </ClCompile>
    <ClCompile Include="..\..\stella\cart\CartF6SC.cpp">
      <Filter>Source Files\stella\cart</Filter>
    </ClCompile>
    <ClCompile Include="..\..\stella\cart\CartF8.cpp">
      <Filter>Source Files\stella\cart</Filter>
    </ClCompile>
    <ClCompile Include="..\..\stella\cart\CartF8SC.cpp">
      <Filter>Source Files\stella\cart</Filter>
    </ClCompile>
    <ClCompile Include="..\..\stella\cart\CartFA.cpp">
      <Filter>Source Files\stella\cart</Filter>
    </ClCompile>
    <ClCompile Include="..\..\stella\cart\CartFE.cpp">
      <Filter>Source Files\stella\cart</Filter>
    </ClCompile>
    <ClCompile Include="..\..\stella\cart\CartMC.cpp">
      <Filter>Source Files\stella\cart</Filter>
    </ClCompile>
    <ClCompile Include="..\..\stella\cart\CartSB.cpp">
      <Filter>Source Files\stella\cart</Filter>
    </ClCompile>
    <ClCompile Include="..\..\stella\cart\CartUA.cpp">
      <Filter>Source Files\stella\cart</Filter>
    </ClCompile>
    <ClCompile Include="..\..\stella\cart\CartX07.cpp">
      <Filter>Source Files\stella\cart</Filter>
    </ClCompile>
    <ClCompile Include="..\..\stella\cart\Thumbulator.cpp">
      <Filter>Source Files\stella\cart</Filter>
    </ClCompile>
    <ClCompile Include="..\..\stella\input\AtariVox.cpp">
      <Filter>Source Files\stella\input</Filter>
    </ClCompile>
    <ClCompile Include="..\..\stella\input\Booster.cpp">
      <Filter>Source Files\stella\input</Filter>
    </ClCompile>
    <ClCompile Include="..\..\stella\input\Control.cpp">
      <Filter>Source Files\stella\input</Filter>
    </ClCompile>
    <ClCompile Include="..\..\stella\input\Driving.cpp">
      <Filter>Source Files\stella\input</Filter>
    </ClCompile>
    <ClCompile Include="..\..\stella\input\Genesis.cpp">
      <Filter>Source Files\stella\input</Filter>
    </ClCompile>
    <ClCompile Include="..\..\stella\input\Joystick.cpp">
      <Filter>Source Files\stella\input</Filter>
    </ClCompile>
    <ClCompile Include="..\..\stella\input\Keyboard.cpp">
      <Filter>Source Files\stella\input</Filter>
    </ClCompile>
    <ClCompile Include="..\..\stella\input\KidVid.cpp">
      <Filter>Source Files\stella\input</Filter>
    </ClCompile>
    <ClCompile Include="..\..\stella\input\MT24LC256.cpp">
      <Filter>Source Files\stella\input</Filter>
    </ClCompile>
    <ClCompile Include="..\..\stella\input\Paddles.cpp">
      <Filter>Source Files\stella\input</Filter>
    </ClCompile>
    <ClCompile Include="..\..\stella\input\SaveKey.cpp">
      <Filter>Source Files\stella\input</Filter>
    </ClCompile>
    <ClCompile Include="..\..\stella\input\Switches.cpp">
      <Filter>Source Files\stella\input</Filter>
    </ClCompile>
    <ClCompile Include="..\..\stella\input\TrackBall.cpp">
      <Filter>Source Files\stella\input</Filter>
    </ClCompile>
    <ClCompile Include="..\..\stella\properties\Props.cpp">
      <Filter>Source Files\stella\properties</Filter>
    </ClCompile>
    <ClCompile Include="..\..\stella\properties\PropsSet.cpp">
      <Filter>Source Files\stella\properties</Filter>
    </ClCompile>
    <ClCompile Include="..\..\stella\system\M6502.cpp">
      <Filter>Source Files\stella\system</Filter>
    </ClCompile>
    <ClCompile Include="..\..\stella\system\M6532.cpp">
      <Filter>Source Files\stella\system</Filter>
    </ClCompile>
    <ClCompile Include="..\..\stella\system\NullDev.cpp">
      <Filter>Source Files\stella\system</Filter>
    </ClCompile>
    <ClCompile Include="..\..\stella\system\System.cpp">
      <Filter>Source Files\stella\system</Filter>
    </ClCompile>
    <ClCompile Include="..\..\stella\system\TIA.cpp">
      <Filter>Source Files\stella\system</Filter>
    </ClCompile>
    <ClCompile Include="..\..\stella\system\TIASnd.cpp">
      <Filter>Source Files\stella\system</Filter>
    </ClCompile>
    <ClCompile Include="..\..\stella\system\TIATables.cpp">
      <Filter>Source Files\stella\system</Filter>
    </ClCompile>
    <ClCompile Include="..\..\stella\utility\MD5.cpp">
      <Filter>Source Files\stella\utility</Filter>
    </ClCompile>
    <ClCompile Include="..\..\stella\utility\Random.cpp">
      <Filter>Source Files\stella\utility</Filter>
    </ClCompile>
    <ClCompile Include="..\..\stella\utility\Serializer.cpp">
      <Filter>Source Files\stella\utility</Filter>
    </ClCompile>
  </ItemGroup>
</Project>